
Microsoft Visual Studio Solution File, Format Version 12.00
# Visual Studio 15
VisualStudioVersion = 15.0.26403.7
MinimumVisualStudioVersion = 10.0.40219.1
Project("{2150E333-8FDC-42A3-9474-1A3956D46DE8}") = "0 - Presentation", "0 - Presentation", "{A55B1F6B-A995-4A4E-AB94-C101AA0ED868}"
EndProject
Project("{2150E333-8FDC-42A3-9474-1A3956D46DE8}") = "1 - Distributed Services", "1 - Distributed Services", "{1735881F-3A53-4C91-8067-B4FC3AC24F21}"
EndProject
Project("{2150E333-8FDC-42A3-9474-1A3956D46DE8}") = "2 - Application", "2 - Application", "{9A1B00A4-A060-4400-A42E-F1CFCC032050}"
EndProject
Project("{2150E333-8FDC-42A3-9474-1A3956D46DE8}") = "3 - Domain", "3 - Domain", "{8F987886-298F-4755-A354-023D1976B763}"
EndProject
Project("{2150E333-8FDC-42A3-9474-1A3956D46DE8}") = "4 - Infra", "4 - Infra", "{FED42101-3F8C-4001-9A30-D82F8261A19F}"
EndProject
Project("{2150E333-8FDC-42A3-9474-1A3956D46DE8}") = "4.1 - Data", "4.1 - Data", "{9444E3B7-EB2A-4961-A1B6-283ABA827EA9}"
EndProject
Project("{2150E333-8FDC-42A3-9474-1A3956D46DE8}") = "4.2 - CrossCutting", "4.2 - CrossCutting", "{7BB5CEC5-93FF-4B7F-80F6-0B08811CE88E}"
EndProject
Project("{2150E333-8FDC-42A3-9474-1A3956D46DE8}") = "src", "src", "{DA2A78F6-22E4-406F-9870-F826BBBBED4B}"
EndProject
Project("{2150E333-8FDC-42A3-9474-1A3956D46DE8}") = "test", "test", "{1E6269C1-DB18-48EE-99AD-ADE5D9C582D0}"
EndProject
Project("{FAE04EC0-301F-11D3-BF4B-00C04F79EFBC}") = "Domain", "src\Domain\Domain.csproj", "{EECEFB65-2F0D-4208-8379-ECF0BCDE44B8}"
EndProject
Project("{FAE04EC0-301F-11D3-BF4B-00C04F79EFBC}") = "SharedKernel", "src\SharedKernel\SharedKernel.csproj", "{70BC2155-35B8-4855-B4B7-9EECC5F65C52}"
EndProject
Project("{FAE04EC0-301F-11D3-BF4B-00C04F79EFBC}") = "Infra.Data", "src\Infra.Data\Infra.Data.csproj", "{B4A323D9-A9F6-4921-AE75-28493FA54B90}"
EndProject
Project("{FAE04EC0-301F-11D3-BF4B-00C04F79EFBC}") = "Infra.CrossCutting.IoC", "src\Infra.CrossCutting.IoC\Infra.CrossCutting.IoC.csproj", "{AD60717C-9D69-44D4-98D9-3088FBA03E69}"
EndProject
Project("{FAE04EC0-301F-11D3-BF4B-00C04F79EFBC}") = "Application", "src\Application\Application.csproj", "{E9019DF2-E18E-45B5-ADDB-BD075E474F15}"
EndProject
Project("{FAE04EC0-301F-11D3-BF4B-00C04F79EFBC}") = "WebApp", "src\WebApp\WebApp.csproj", "{B8545BC7-A4A5-42DF-B7D3-9743D397E5B2}"
EndProject
Project("{FAE04EC0-301F-11D3-BF4B-00C04F79EFBC}") = "Domain.Test", "tests\Domain.Test\Domain.Test.csproj", "{774A3E74-6A35-413D-ABEB-E4105DC550BE}"
EndProject
Project("{2150E333-8FDC-42A3-9474-1A3956D46DE8}") = "4.2.1 - IoC", "4.2.1 - IoC", "{48E09B84-FE49-4CA7-A7EE-FDDD8784EE8C}"
EndProject
Project("{2150E333-8FDC-42A3-9474-1A3956D46DE8}") = "4.2.2 - Security", "4.2.2 - Security", "{A4926AFC-4E74-4CC6-9B8D-1C6579EF3281}"
EndProject
Project("{FAE04EC0-301F-11D3-BF4B-00C04F79EFBC}") = "Infra.Identity", "src\Infra.Identity\Infra.Identity.csproj", "{B9780729-FEDB-450A-8D5F-74BD5E7E855F}"
EndProject
Global
	GlobalSection(SolutionConfigurationPlatforms) = preSolution
		Debug|Any CPU = Debug|Any CPU
		Release|Any CPU = Release|Any CPU
	EndGlobalSection
	GlobalSection(ProjectConfigurationPlatforms) = postSolution
		{EECEFB65-2F0D-4208-8379-ECF0BCDE44B8}.Debug|Any CPU.ActiveCfg = Debug|Any CPU
		{EECEFB65-2F0D-4208-8379-ECF0BCDE44B8}.Debug|Any CPU.Build.0 = Debug|Any CPU
		{EECEFB65-2F0D-4208-8379-ECF0BCDE44B8}.Release|Any CPU.ActiveCfg = Release|Any CPU
		{EECEFB65-2F0D-4208-8379-ECF0BCDE44B8}.Release|Any CPU.Build.0 = Release|Any CPU
		{70BC2155-35B8-4855-B4B7-9EECC5F65C52}.Debug|Any CPU.ActiveCfg = Debug|Any CPU
		{70BC2155-35B8-4855-B4B7-9EECC5F65C52}.Debug|Any CPU.Build.0 = Debug|Any CPU
		{70BC2155-35B8-4855-B4B7-9EECC5F65C52}.Release|Any CPU.ActiveCfg = Release|Any CPU
		{70BC2155-35B8-4855-B4B7-9EECC5F65C52}.Release|Any CPU.Build.0 = Release|Any CPU
		{B4A323D9-A9F6-4921-AE75-28493FA54B90}.Debug|Any CPU.ActiveCfg = Debug|Any CPU
		{B4A323D9-A9F6-4921-AE75-28493FA54B90}.Debug|Any CPU.Build.0 = Debug|Any CPU
		{B4A323D9-A9F6-4921-AE75-28493FA54B90}.Release|Any CPU.ActiveCfg = Release|Any CPU
		{B4A323D9-A9F6-4921-AE75-28493FA54B90}.Release|Any CPU.Build.0 = Release|Any CPU
		{AD60717C-9D69-44D4-98D9-3088FBA03E69}.Debug|Any CPU.ActiveCfg = Debug|Any CPU
		{AD60717C-9D69-44D4-98D9-3088FBA03E69}.Debug|Any CPU.Build.0 = Debug|Any CPU
		{AD60717C-9D69-44D4-98D9-3088FBA03E69}.Release|Any CPU.ActiveCfg = Release|Any CPU
		{AD60717C-9D69-44D4-98D9-3088FBA03E69}.Release|Any CPU.Build.0 = Release|Any CPU
		{E9019DF2-E18E-45B5-ADDB-BD075E474F15}.Debug|Any CPU.ActiveCfg = Debug|Any CPU
		{E9019DF2-E18E-45B5-ADDB-BD075E474F15}.Debug|Any CPU.Build.0 = Debug|Any CPU
		{E9019DF2-E18E-45B5-ADDB-BD075E474F15}.Release|Any CPU.ActiveCfg = Release|Any CPU
		{E9019DF2-E18E-45B5-ADDB-BD075E474F15}.Release|Any CPU.Build.0 = Release|Any CPU
		{B8545BC7-A4A5-42DF-B7D3-9743D397E5B2}.Debug|Any CPU.ActiveCfg = Debug|Any CPU
		{B8545BC7-A4A5-42DF-B7D3-9743D397E5B2}.Debug|Any CPU.Build.0 = Debug|Any CPU
		{B8545BC7-A4A5-42DF-B7D3-9743D397E5B2}.Release|Any CPU.ActiveCfg = Release|Any CPU
		{B8545BC7-A4A5-42DF-B7D3-9743D397E5B2}.Release|Any CPU.Build.0 = Release|Any CPU
		{774A3E74-6A35-413D-ABEB-E4105DC550BE}.Debug|Any CPU.ActiveCfg = Debug|Any CPU
		{774A3E74-6A35-413D-ABEB-E4105DC550BE}.Debug|Any CPU.Build.0 = Debug|Any CPU
		{774A3E74-6A35-413D-ABEB-E4105DC550BE}.Release|Any CPU.ActiveCfg = Release|Any CPU
		{774A3E74-6A35-413D-ABEB-E4105DC550BE}.Release|Any CPU.Build.0 = Release|Any CPU
		{B9780729-FEDB-450A-8D5F-74BD5E7E855F}.Debug|Any CPU.ActiveCfg = Debug|Any CPU
		{B9780729-FEDB-450A-8D5F-74BD5E7E855F}.Debug|Any CPU.Build.0 = Debug|Any CPU
		{B9780729-FEDB-450A-8D5F-74BD5E7E855F}.Release|Any CPU.ActiveCfg = Release|Any CPU
		{B9780729-FEDB-450A-8D5F-74BD5E7E855F}.Release|Any CPU.Build.0 = Release|Any CPU
	EndGlobalSection
	GlobalSection(SolutionProperties) = preSolution
		HideSolutionNode = FALSE
	EndGlobalSection
	GlobalSection(NestedProjects) = preSolution
		{A55B1F6B-A995-4A4E-AB94-C101AA0ED868} = {DA2A78F6-22E4-406F-9870-F826BBBBED4B}
		{1735881F-3A53-4C91-8067-B4FC3AC24F21} = {DA2A78F6-22E4-406F-9870-F826BBBBED4B}
		{9A1B00A4-A060-4400-A42E-F1CFCC032050} = {A55B1F6B-A995-4A4E-AB94-C101AA0ED868}
		{8F987886-298F-4755-A354-023D1976B763} = {DA2A78F6-22E4-406F-9870-F826BBBBED4B}
		{FED42101-3F8C-4001-9A30-D82F8261A19F} = {DA2A78F6-22E4-406F-9870-F826BBBBED4B}
		{9444E3B7-EB2A-4961-A1B6-283ABA827EA9} = {FED42101-3F8C-4001-9A30-D82F8261A19F}
		{7BB5CEC5-93FF-4B7F-80F6-0B08811CE88E} = {FED42101-3F8C-4001-9A30-D82F8261A19F}
		{EECEFB65-2F0D-4208-8379-ECF0BCDE44B8} = {8F987886-298F-4755-A354-023D1976B763}
		{70BC2155-35B8-4855-B4B7-9EECC5F65C52} = {8F987886-298F-4755-A354-023D1976B763}
		{B4A323D9-A9F6-4921-AE75-28493FA54B90} = {9444E3B7-EB2A-4961-A1B6-283ABA827EA9}
		{AD60717C-9D69-44D4-98D9-3088FBA03E69} = {48E09B84-FE49-4CA7-A7EE-FDDD8784EE8C}
		{E9019DF2-E18E-45B5-ADDB-BD075E474F15} = {9A1B00A4-A060-4400-A42E-F1CFCC032050}
		{B8545BC7-A4A5-42DF-B7D3-9743D397E5B2} = {A55B1F6B-A995-4A4E-AB94-C101AA0ED868}
		{774A3E74-6A35-413D-ABEB-E4105DC550BE} = {1E6269C1-DB18-48EE-99AD-ADE5D9C582D0}
		{48E09B84-FE49-4CA7-A7EE-FDDD8784EE8C} = {7BB5CEC5-93FF-4B7F-80F6-0B08811CE88E}
		{A4926AFC-4E74-4CC6-9B8D-1C6579EF3281} = {7BB5CEC5-93FF-4B7F-80F6-0B08811CE88E}
		{B9780729-FEDB-450A-8D5F-74BD5E7E855F} = {A4926AFC-4E74-4CC6-9B8D-1C6579EF3281}
	EndGlobalSection
EndGlobal
